{
  "name": "receptor",
  "version": "1.0.0",
  "lockfileVersion": 3,
  "requires": true,
  "packages": {
    "": {
      "name": "receptor",
      "version": "1.0.0",
      "license": "ISC",
      "dependencies": {
        "coffeescript": "^2.7.0",
        "net": "^1.0.2",
        "path": "^0.12.7",
        "slice": "^0.0.5"
      }
    },
    "node_modules/coffee-script": {
      "version": "1.12.7",
      "resolved": "https://registry.npmjs.org/coffee-script/-/coffee-script-1.12.7.tgz",
      "integrity": "sha512-fLeEhqwymYat/MpTPUjSKHVYYl0ec2mOyALEMLmzr5i1isuG+6jfI2j2d5oBO3VIzgUXgBVIcOT9uH1TFxBckw==",
      "deprecated": "CoffeeScript on NPM has moved to \"coffeescript\" (no hyphen)",
      "bin": {
        "cake": "bin/cake",
        "coffee": "bin/coffee"
      },
      "engines": {
        "node": ">=0.8.0"
      }
    },
    "node_modules/coffeescript": {
      "version": "2.7.0",
      "resolved": "https://registry.npmjs.org/coffeescript/-/coffeescript-2.7.0.tgz",
      "integrity": "sha512-hzWp6TUE2d/jCcN67LrW1eh5b/rSDKQK6oD6VMLlggYVUUFexgTH9z3dNYihzX4RMhze5FTUsUmOXViJKFQR/A==",
      "bin": {
        "cake": "bin/cake",
        "coffee": "bin/coffee"
      },
      "engines": {
        "node": ">=6"
      }
    },
    "node_modules/extenze": {
      "version": "0.0.3",
      "resolved": "https://registry.npmjs.org/extenze/-/extenze-0.0.3.tgz",
      "integrity": "sha512-3lEzU2stnxKnLKSn4bSGZASO+WpdHvVtzx7hfKfUYT29xApUItzgJUH36yTQCyvRIF2mAPtpNU+t0ESZ27jUkw==",
      "dependencies": {
        "coffee-script": "*"
      },
      "engines": {
        "node": ">= 0.4.0"
      }
    },
    "node_modules/inherits": {
      "version": "2.0.3",
      "resolved": "https://registry.npmjs.org/inherits/-/inherits-2.0.3.tgz",
      "integrity": "sha512-x00IRNXNy63jwGkJmzPigoySHbaqpNuzKbBOmzK+g2OdZpQ9w+sxCN+VSB3ja7IAge2OP2qpfxTjeNcyjmW1uw=="
    },
    "node_modules/modulate": {
      "version": "0.0.6",
      "resolved": "https://registry.npmjs.org/modulate/-/modulate-0.0.6.tgz",
      "integrity": "sha512-l5/qBz1gg+BJNQNVjDSMcB6Fi0oYrOsKFt6EQY9dUj72n36CijabRiQTNrgkpLlnCGkw6VohPkoei6zpJWzVyw==",
      "dependencies": {
        "coffee-script": "*"
      },
      "engines": {
        "node": ">= 0.4.0"
      }
    },
    "node_modules/net": {
      "version": "1.0.2",
      "resolved": "https://registry.npmjs.org/net/-/net-1.0.2.tgz",
      "integrity": "sha512-kbhcj2SVVR4caaVnGLJKmlk2+f+oLkjqdKeQlmUtz6nGzOpbcobwVIeSURNgraV/v3tlmGIX82OcPCl0K6RbHQ=="
    },
    "node_modules/path": {
      "version": "0.12.7",
      "resolved": "https://registry.npmjs.org/path/-/path-0.12.7.tgz",
      "integrity": "sha512-aXXC6s+1w7otVF9UletFkFcDsJeO7lSZBPUQhtb5O0xJe8LtYhj/GxldoL09bBj9+ZmE2hNoHqQSFMN5fikh4Q==",
      "dependencies": {
        "process": "^0.11.1",
        "util": "^0.10.3"
      }
    },
    "node_modules/process": {
      "version": "0.11.10",
      "resolved": "https://registry.npmjs.org/process/-/process-0.11.10.tgz",
      "integrity": "sha512-cdGef/drWFoydD1JsMzuFf8100nZl+GT+yacc2bEced5f9Rjk4z+WtFUTBu9PhOi9j/jfmBPu0mMEY4wIdAF8A==",
      "engines": {
        "node": ">= 0.6.0"
      }
    },
    "node_modules/protege": {
      "version": "0.1.1",
      "resolved": "https://registry.npmjs.org/protege/-/protege-0.1.1.tgz",
      "integrity": "sha512-9pg+FD8NNb14jwug8o0ZLjPxyS0a+kwSomSTFL9eT9o8QpQuN05KgqAye6syCHp3Aq5WqvGs7RyNRS94woq/CQ==",
      "dependencies": {
        "coffee-script": "*"
      },
      "engines": {
        "node": ">= 0.4.0"
      }
    },
    "node_modules/slice": {
      "version": "0.0.5",
      "resolved": "https://registry.npmjs.org/slice/-/slice-0.0.5.tgz",
      "integrity": "sha512-sJQ6NDuMLXcSqiGtBNmduYOxqZWPV1zdeWW4CMm2DszFi4W1MuI86F624eXwd9u1JnDPNirEBRi1rr8f169aSg==",
      "dependencies": {
        "coffee-script": "*",
        "extenze": "*",
        "modulate": ">= 0.0.5",
        "spex-util": ">= 0.0.4"
      },
      "engines": {
        "node": ">= 0.4.0"
      }
    },
    "node_modules/spex-util": {
      "version": "0.0.4",
      "resolved": "https://registry.npmjs.org/spex-util/-/spex-util-0.0.4.tgz",
      "integrity": "sha512-Od4sAf2xzRAU3+2qdxOlczZiuVFuDwQ3BQE+efjjCK8q31u1PBMitGzr3hZgyz/unpB3uWZ+bE5W67IzMZpb2A==",
      "dependencies": {
        "coffee-script": "*",
        "modulate": ">= 0.0.3",
        "protege": "*"
      },
      "engines": {
        "node": ">= 0.4.0"
      }
    },
    "node_modules/util": {
      "version": "0.10.4",
      "resolved": "https://registry.npmjs.org/util/-/util-0.10.4.tgz",
      "integrity": "sha512-0Pm9hTQ3se5ll1XihRic3FDIku70C+iHUdT/W926rSgHV5QgXsYbKZN8MSC3tJtSkhuROzvsQjAaFENRXr+19A==",
      "dependencies": {
        "inherits": "2.0.3"
      }
    }
  }
}
